
Microsoft Visual Studio Solution File, Format Version 12.00
# Visual Studio Version 17
VisualStudioVersion = 17.4.33213.308
MinimumVisualStudioVersion = 10.0.40219.1
Project("{9A19103F-16F7-4668-BE54-9A1E7A4F7556}") = "integral", "integral\integral.csproj", "{9D895514-4B76-4395-B263-A7F17D0BE483}"
EndProject
Project("{FAE04EC0-301F-11D3-BF4B-00C04F79EFBC}") = "TestIntegral", "TestIntegral\TestIntegral.csproj", "{B8901D2C-00B0-427E-8081-2F25E7A9D478}"
EndProject
Global
	GlobalSection(SolutionConfigurationPlatforms) = preSolution
		Debug|Any CPU = Debug|Any CPU
		Release|Any CPU = Release|Any CPU
	EndGlobalSection
	GlobalSection(ProjectConfigurationPlatforms) = postSolution
		{9D895514-4B76-4395-B263-A7F17D0BE483}.Debug|Any CPU.ActiveCfg = Debug|Any CPU
		{9D895514-4B76-4395-B263-A7F17D0BE483}.Debug|Any CPU.Build.0 = Debug|Any CPU
		{9D895514-4B76-4395-B263-A7F17D0BE483}.Release|Any CPU.ActiveCfg = Release|Any CPU
		{9D895514-4B76-4395-B263-A7F17D0BE483}.Release|Any CPU.Build.0 = Release|Any CPU
		{B8901D2C-00B0-427E-8081-2F25E7A9D478}.Debug|Any CPU.ActiveCfg = Debug|Any CPU
		{B8901D2C-00B0-427E-8081-2F25E7A9D478}.Debug|Any CPU.Build.0 = Debug|Any CPU
		{B8901D2C-00B0-427E-8081-2F25E7A9D478}.Release|Any CPU.ActiveCfg = Release|Any CPU
		{B8901D2C-00B0-427E-8081-2F25E7A9D478}.Release|Any CPU.Build.0 = Release|Any CPU
	EndGlobalSection
	GlobalSection(SolutionProperties) = preSolution
		HideSolutionNode = FALSE
	EndGlobalSection
	GlobalSection(ExtensibilityGlobals) = postSolution
		SolutionGuid = {5102235F-6CD1-4352-BAF1-BB75510F6792}
	EndGlobalSection
EndGlobal
